
Microsoft Visual Studio Solution File, Format Version 12.00
# Visual Studio Version 16
VisualStudioVersion = 25.0.1706.14
MinimumVisualStudioVersion = 10.0.40219.1
Project("{FAE04EC0-301F-11D3-BF4B-00C04F79EFBC}") = "Order.API", "Order.API\Order.API.csproj", "{2E0C9B44-0C3F-4FD2-A20A-5CAA51171669}"
EndProject
Project("{FAE04EC0-301F-11D3-BF4B-00C04F79EFBC}") = "Payment.API", "Payment.API\Payment.API.csproj", "{ED239D4F-5997-4987-92A2-ACFB0C4AC790}"
EndProject
Project("{FAE04EC0-301F-11D3-BF4B-00C04F79EFBC}") = "Shared", "Shared\Shared.csproj", "{83BA60B2-2CD7-4CE7-AC4C-1DA8A6541C49}"
EndProject
Project("{FAE04EC0-301F-11D3-BF4B-00C04F79EFBC}") = "Stock.API", "Stock.API\Stock.API.csproj", "{8AC8884F-24AA-4D39-990E-48BD0901DA2D}"
EndProject
Project("{FAE04EC0-301F-11D3-BF4B-00C04F79EFBC}") = "SagaStateMachine.Service", "SagaStateMachine.Service\SagaStateMachine.Service.csproj", "{96480F06-695B-45D1-B6D8-1E1B1D72FC3D}"
EndProject
Global
	GlobalSection(SolutionConfigurationPlatforms) = preSolution
		Debug|Any CPU = Debug|Any CPU
		Release|Any CPU = Release|Any CPU
	EndGlobalSection
	GlobalSection(ProjectConfigurationPlatforms) = postSolution
		{2E0C9B44-0C3F-4FD2-A20A-5CAA51171669}.Debug|Any CPU.ActiveCfg = Debug|Any CPU
		{2E0C9B44-0C3F-4FD2-A20A-5CAA51171669}.Debug|Any CPU.Build.0 = Debug|Any CPU
		{2E0C9B44-0C3F-4FD2-A20A-5CAA51171669}.Release|Any CPU.ActiveCfg = Release|Any CPU
		{2E0C9B44-0C3F-4FD2-A20A-5CAA51171669}.Release|Any CPU.Build.0 = Release|Any CPU
		{ED239D4F-5997-4987-92A2-ACFB0C4AC790}.Debug|Any CPU.ActiveCfg = Debug|Any CPU
		{ED239D4F-5997-4987-92A2-ACFB0C4AC790}.Debug|Any CPU.Build.0 = Debug|Any CPU
		{ED239D4F-5997-4987-92A2-ACFB0C4AC790}.Release|Any CPU.ActiveCfg = Release|Any CPU
		{ED239D4F-5997-4987-92A2-ACFB0C4AC790}.Release|Any CPU.Build.0 = Release|Any CPU
		{83BA60B2-2CD7-4CE7-AC4C-1DA8A6541C49}.Debug|Any CPU.ActiveCfg = Debug|Any CPU
		{83BA60B2-2CD7-4CE7-AC4C-1DA8A6541C49}.Debug|Any CPU.Build.0 = Debug|Any CPU
		{83BA60B2-2CD7-4CE7-AC4C-1DA8A6541C49}.Release|Any CPU.ActiveCfg = Release|Any CPU
		{83BA60B2-2CD7-4CE7-AC4C-1DA8A6541C49}.Release|Any CPU.Build.0 = Release|Any CPU
		{8AC8884F-24AA-4D39-990E-48BD0901DA2D}.Debug|Any CPU.ActiveCfg = Debug|Any CPU
		{8AC8884F-24AA-4D39-990E-48BD0901DA2D}.Debug|Any CPU.Build.0 = Debug|Any CPU
		{8AC8884F-24AA-4D39-990E-48BD0901DA2D}.Release|Any CPU.ActiveCfg = Release|Any CPU
		{8AC8884F-24AA-4D39-990E-48BD0901DA2D}.Release|Any CPU.Build.0 = Release|Any CPU
		{96480F06-695B-45D1-B6D8-1E1B1D72FC3D}.Debug|Any CPU.ActiveCfg = Debug|Any CPU
		{96480F06-695B-45D1-B6D8-1E1B1D72FC3D}.Debug|Any CPU.Build.0 = Debug|Any CPU
		{96480F06-695B-45D1-B6D8-1E1B1D72FC3D}.Release|Any CPU.ActiveCfg = Release|Any CPU
		{96480F06-695B-45D1-B6D8-1E1B1D72FC3D}.Release|Any CPU.Build.0 = Release|Any CPU
	EndGlobalSection
	GlobalSection(SolutionProperties) = preSolution
		HideSolutionNode = FALSE
	EndGlobalSection
	GlobalSection(ExtensibilityGlobals) = postSolution
		SolutionGuid = {D10BE4F8-FC53-4CFE-87B7-07B02F704987}
	EndGlobalSection
EndGlobal
